
Microsoft Visual Studio Solution File, Format Version 12.00
# Visual Studio Version 17
VisualStudioVersion = 17.11.35208.52
MinimumVisualStudioVersion = 10.0.40219.1
Project("{9A19103F-16F7-4668-BE54-9A1E7A4F7556}") = "AplidacionConsola", "AplidacionConsola\AplidacionConsola.csproj", "{431D70ED-DE33-4E95-9443-19BCE066F237}"
EndProject
Project("{9A19103F-16F7-4668-BE54-9A1E7A4F7556}") = "BibliotecaClases", "BibliotecaClases\BibliotecaClases.csproj", "{458AF8A1-D565-43BF-A811-23806439C55A}"
EndProject
Project("{FAE04EC0-301F-11D3-BF4B-00C04F79EFBC}") = "BibliotecaClases.Test", "BibliotecaClases.Test\BibliotecaClases.Test.csproj", "{4E4107CF-8C37-4B93-8B09-6769C60D4078}"
EndProject
Global
	GlobalSection(SolutionConfigurationPlatforms) = preSolution
		Debug|Any CPU = Debug|Any CPU
		Release|Any CPU = Release|Any CPU
	EndGlobalSection
	GlobalSection(ProjectConfigurationPlatforms) = postSolution
		{431D70ED-DE33-4E95-9443-19BCE066F237}.Debug|Any CPU.ActiveCfg = Debug|Any CPU
		{431D70ED-DE33-4E95-9443-19BCE066F237}.Debug|Any CPU.Build.0 = Debug|Any CPU
		{431D70ED-DE33-4E95-9443-19BCE066F237}.Release|Any CPU.ActiveCfg = Release|Any CPU
		{431D70ED-DE33-4E95-9443-19BCE066F237}.Release|Any CPU.Build.0 = Release|Any CPU
		{458AF8A1-D565-43BF-A811-23806439C55A}.Debug|Any CPU.ActiveCfg = Debug|Any CPU
		{458AF8A1-D565-43BF-A811-23806439C55A}.Debug|Any CPU.Build.0 = Debug|Any CPU
		{458AF8A1-D565-43BF-A811-23806439C55A}.Release|Any CPU.ActiveCfg = Release|Any CPU
		{458AF8A1-D565-43BF-A811-23806439C55A}.Release|Any CPU.Build.0 = Release|Any CPU
		{4E4107CF-8C37-4B93-8B09-6769C60D4078}.Debug|Any CPU.ActiveCfg = Debug|Any CPU
		{4E4107CF-8C37-4B93-8B09-6769C60D4078}.Debug|Any CPU.Build.0 = Debug|Any CPU
		{4E4107CF-8C37-4B93-8B09-6769C60D4078}.Release|Any CPU.ActiveCfg = Release|Any CPU
		{4E4107CF-8C37-4B93-8B09-6769C60D4078}.Release|Any CPU.Build.0 = Release|Any CPU
	EndGlobalSection
	GlobalSection(SolutionProperties) = preSolution
		HideSolutionNode = FALSE
	EndGlobalSection
	GlobalSection(ExtensibilityGlobals) = postSolution
		SolutionGuid = {8F512D2B-43D9-4A0A-A457-74BB07DAC62D}
	EndGlobalSection
EndGlobal
